
Microsoft Visual Studio Solution File, Format Version 12.00
# Visual Studio Version 16
VisualStudioVersion = 16.0.31515.178
MinimumVisualStudioVersion = 10.0.40219.1
Project("{8BC9CEB8-8B4A-11D0-8D11-00A0C91BC942}") = "X O", "X O\X O.vcxproj", "{EAA85B19-E343-4659-B9E6-C7604A5EA15F}"
EndProject
Global
	GlobalSection(SolutionConfigurationPlatforms) = preSolution
		Debug|x64 = Debug|x64
		Debug|x86 = Debug|x86
		Release|x64 = Release|x64
		Release|x86 = Release|x86
	EndGlobalSection
	GlobalSection(ProjectConfigurationPlatforms) = postSolution
		{EAA85B19-E343-4659-B9E6-C7604A5EA15F}.Debug|x64.ActiveCfg = Debug|x64
		{EAA85B19-E343-4659-B9E6-C7604A5EA15F}.Debug|x64.Build.0 = Debug|x64
		{EAA85B19-E343-4659-B9E6-C7604A5EA15F}.Debug|x86.ActiveCfg = Debug|Win32
		{EAA85B19-E343-4659-B9E6-C7604A5EA15F}.Debug|x86.Build.0 = Debug|Win32
		{EAA85B19-E343-4659-B9E6-C7604A5EA15F}.Release|x64.ActiveCfg = Release|x64
		{EAA85B19-E343-4659-B9E6-C7604A5EA15F}.Release|x64.Build.0 = Release|x64
		{EAA85B19-E343-4659-B9E6-C7604A5EA15F}.Release|x86.ActiveCfg = Release|Win32
		{EAA85B19-E343-4659-B9E6-C7604A5EA15F}.Release|x86.Build.0 = Release|Win32
	EndGlobalSection
	GlobalSection(SolutionProperties) = preSolution
		HideSolutionNode = FALSE
	EndGlobalSection
	GlobalSection(ExtensibilityGlobals) = postSolution
		SolutionGuid = {2F0AA892-B00B-4D4B-B7CC-FFFC0DAFDDF0}
	EndGlobalSection
EndGlobal
